
Microsoft Visual Studio Solution File, Format Version 12.00
# Visual Studio Version 17
VisualStudioVersion = 17.4.33829.165
MinimumVisualStudioVersion = 10.0.40219.1
Project("{9A19103F-16F7-4668-BE54-9A1E7A4F7556}") = "Persistence", "Persistence\Persistence.csproj", "{01A35C2F-8F01-4F1A-9C87-7DFB84FF53A1}"
EndProject
Project("{9A19103F-16F7-4668-BE54-9A1E7A4F7556}") = "Domain", "Domain\Domain.csproj", "{B39C39D4-4C2C-4F28-AA84-83A6564E84B4}"
EndProject
Project("{9A19103F-16F7-4668-BE54-9A1E7A4F7556}") = "ParkingCar.API", "ParkingCar.API\ParkingCar.API.csproj", "{FBD210B8-EE97-423C-9A9E-D099B1FB1302}"
EndProject
Project("{FAE04EC0-301F-11D3-BF4B-00C04F79EFBC}") = "Application", "Application\Application.csproj", "{6846BCF7-A950-42D7-ACFC-0156B66E88B1}"
EndProject
Global
	GlobalSection(SolutionConfigurationPlatforms) = preSolution
		Debug|Any CPU = Debug|Any CPU
		Release|Any CPU = Release|Any CPU
	EndGlobalSection
	GlobalSection(ProjectConfigurationPlatforms) = postSolution
		{01A35C2F-8F01-4F1A-9C87-7DFB84FF53A1}.Debug|Any CPU.ActiveCfg = Debug|Any CPU
		{01A35C2F-8F01-4F1A-9C87-7DFB84FF53A1}.Debug|Any CPU.Build.0 = Debug|Any CPU
		{01A35C2F-8F01-4F1A-9C87-7DFB84FF53A1}.Release|Any CPU.ActiveCfg = Release|Any CPU
		{01A35C2F-8F01-4F1A-9C87-7DFB84FF53A1}.Release|Any CPU.Build.0 = Release|Any CPU
		{B39C39D4-4C2C-4F28-AA84-83A6564E84B4}.Debug|Any CPU.ActiveCfg = Debug|Any CPU
		{B39C39D4-4C2C-4F28-AA84-83A6564E84B4}.Debug|Any CPU.Build.0 = Debug|Any CPU
		{B39C39D4-4C2C-4F28-AA84-83A6564E84B4}.Release|Any CPU.ActiveCfg = Release|Any CPU
		{B39C39D4-4C2C-4F28-AA84-83A6564E84B4}.Release|Any CPU.Build.0 = Release|Any CPU
		{FBD210B8-EE97-423C-9A9E-D099B1FB1302}.Debug|Any CPU.ActiveCfg = Debug|Any CPU
		{FBD210B8-EE97-423C-9A9E-D099B1FB1302}.Debug|Any CPU.Build.0 = Debug|Any CPU
		{FBD210B8-EE97-423C-9A9E-D099B1FB1302}.Release|Any CPU.ActiveCfg = Release|Any CPU
		{FBD210B8-EE97-423C-9A9E-D099B1FB1302}.Release|Any CPU.Build.0 = Release|Any CPU
		{6846BCF7-A950-42D7-ACFC-0156B66E88B1}.Debug|Any CPU.ActiveCfg = Debug|Any CPU
		{6846BCF7-A950-42D7-ACFC-0156B66E88B1}.Debug|Any CPU.Build.0 = Debug|Any CPU
		{6846BCF7-A950-42D7-ACFC-0156B66E88B1}.Release|Any CPU.ActiveCfg = Release|Any CPU
		{6846BCF7-A950-42D7-ACFC-0156B66E88B1}.Release|Any CPU.Build.0 = Release|Any CPU
	EndGlobalSection
	GlobalSection(SolutionProperties) = preSolution
		HideSolutionNode = FALSE
	EndGlobalSection
	GlobalSection(ExtensibilityGlobals) = postSolution
		SolutionGuid = {9A8E13BC-D7E1-4D6A-B066-DD7174AFC9B9}
	EndGlobalSection
EndGlobal
